version = "0.6.6"
home = "/Users/aleksgav"
config_dir = "/Users/aleksgav/.sheldon"
data_dir = "/Users/aleksgav/.sheldon"
config_file = "/Users/aleksgav/.sheldon/plugins.toml"
lock_file = "/Users/aleksgav/.sheldon/plugins.lock"
clone_dir = "/Users/aleksgav/.sheldon/repos"
download_dir = "/Users/aleksgav/.sheldon/downloads"

[[plugins]]
name = "zsh-defer"
source_dir = "/Users/aleksgav/.sheldon/repos/github.com/romkatv/zsh-defer"
files = ["/Users/aleksgav/.sheldon/repos/github.com/romkatv/zsh-defer/zsh-defer.plugin.zsh"]
apply = ["source"]

[[plugins]]
name = "zsh-autosuggestions"
source_dir = "/Users/aleksgav/.sheldon/repos/github.com/zsh-users/zsh-autosuggestions"
files = ["/Users/aleksgav/.sheldon/repos/github.com/zsh-users/zsh-autosuggestions/zsh-autosuggestions.plugin.zsh"]
apply = ["defer"]

[[plugins]]
name = "docker-zsh-completion"
source_dir = "/Users/aleksgav/.sheldon/repos/github.com/greymd/docker-zsh-completion"
files = ["/Users/aleksgav/.sheldon/repos/github.com/greymd/docker-zsh-completion/docker-zsh-completion.plugin.zsh"]
apply = ["defer"]

[[plugins]]
name = "rust-zsh-completions"
source_dir = "/Users/aleksgav/.sheldon/repos/github.com/ryutok/rust-zsh-completions"
files = ["/Users/aleksgav/.sheldon/repos/github.com/ryutok/rust-zsh-completions/rust.plugin.zsh"]
apply = ["defer"]

[[plugins]]
name = "zsh-completions"
source_dir = "/Users/aleksgav/.sheldon/repos/github.com/zsh-users/zsh-completions"
files = ["/Users/aleksgav/.sheldon/repos/github.com/zsh-users/zsh-completions/zsh-completions.plugin.zsh"]
apply = ["defer"]

[[plugins]]
name = "zsh-history-substring-search"
source_dir = "/Users/aleksgav/.sheldon/repos/github.com/zsh-users/zsh-history-substring-search"
files = ["/Users/aleksgav/.sheldon/repos/github.com/zsh-users/zsh-history-substring-search/zsh-history-substring-search.plugin.zsh"]
apply = ["source"]

[[plugins]]
name = "zsh-syntax-highlighting"
source_dir = "/Users/aleksgav/.sheldon/repos/github.com/zsh-users/zsh-syntax-highlighting"
files = ["/Users/aleksgav/.sheldon/repos/github.com/zsh-users/zsh-syntax-highlighting/zsh-syntax-highlighting.plugin.zsh"]
apply = ["defer"]

[[plugins]]
name = "alias-tips"
source_dir = "/Users/aleksgav/.sheldon/repos/github.com/djui/alias-tips"
files = ["/Users/aleksgav/.sheldon/repos/github.com/djui/alias-tips/alias-tips.plugin.zsh"]
apply = ["defer"]

[[plugins]]
name = "osx-aliases"
source_dir = "/Users/aleksgav/.sheldon/repos/github.com/mkwmms/plugin-osx"
files = ["/Users/aleksgav/.sheldon/repos/github.com/mkwmms/plugin-osx/osx-aliases.plugin.zsh"]
apply = ["defer"]

[[plugins]]
name = "base16"
source_dir = "/Users/aleksgav/.sheldon/repos/github.com/chriskempson/base16-shell"
files = ["/Users/aleksgav/.sheldon/repos/github.com/chriskempson/base16-shell/base16-shell.plugin.zsh"]
apply = ["defer"]

[[plugins]]
name = "oh-my-zsh"
source_dir = "/Users/aleksgav/.sheldon/repos/github.com/ohmyzsh/ohmyzsh"
files = ["/Users/aleksgav/.sheldon/repos/github.com/ohmyzsh/ohmyzsh/oh-my-zsh.sh"]
apply = ["source"]

[[plugins]]
name = "ohmyzsh-plugins"
source_dir = "/Users/aleksgav/.sheldon/repos/github.com/ohmyzsh/ohmyzsh"
plugin_dir = "/Users/aleksgav/.sheldon/repos/github.com/ohmyzsh/ohmyzsh/plugins"
files = ["/Users/aleksgav/.sheldon/repos/github.com/ohmyzsh/ohmyzsh/plugins/bundler/bundler.plugin.zsh", "/Users/aleksgav/.sheldon/repos/github.com/ohmyzsh/ohmyzsh/plugins/cabal/cabal.plugin.zsh", "/Users/aleksgav/.sheldon/repos/github.com/ohmyzsh/ohmyzsh/plugins/capistrano/capistrano.plugin.zsh", "/Users/aleksgav/.sheldon/repos/github.com/ohmyzsh/ohmyzsh/plugins/common-aliases/common-aliases.plugin.zsh", "/Users/aleksgav/.sheldon/repos/github.com/ohmyzsh/ohmyzsh/plugins/encode64/encode64.plugin.zsh", "/Users/aleksgav/.sheldon/repos/github.com/ohmyzsh/ohmyzsh/plugins/gem/gem.plugin.zsh", "/Users/aleksgav/.sheldon/repos/github.com/ohmyzsh/ohmyzsh/plugins/git/git.plugin.zsh", "/Users/aleksgav/.sheldon/repos/github.com/ohmyzsh/ohmyzsh/plugins/golang/golang.plugin.zsh", "/Users/aleksgav/.sheldon/repos/github.com/ohmyzsh/ohmyzsh/plugins/gpg-agent/gpg-agent.plugin.zsh", "/Users/aleksgav/.sheldon/repos/github.com/ohmyzsh/ohmyzsh/plugins/helm/helm.plugin.zsh", "/Users/aleksgav/.sheldon/repos/github.com/ohmyzsh/ohmyzsh/plugins/history/history.plugin.zsh", "/Users/aleksgav/.sheldon/repos/github.com/ohmyzsh/ohmyzsh/plugins/node/node.plugin.zsh", "/Users/aleksgav/.sheldon/repos/github.com/ohmyzsh/ohmyzsh/plugins/npm/npm.plugin.zsh", "/Users/aleksgav/.sheldon/repos/github.com/ohmyzsh/ohmyzsh/plugins/pip/pip.plugin.zsh", "/Users/aleksgav/.sheldon/repos/github.com/ohmyzsh/ohmyzsh/plugins/python/python.plugin.zsh", "/Users/aleksgav/.sheldon/repos/github.com/ohmyzsh/ohmyzsh/plugins/rake/rake.plugin.zsh", "/Users/aleksgav/.sheldon/repos/github.com/ohmyzsh/ohmyzsh/plugins/ruby/ruby.plugin.zsh", "/Users/aleksgav/.sheldon/repos/github.com/ohmyzsh/ohmyzsh/plugins/rust/rust.plugin.zsh", "/Users/aleksgav/.sheldon/repos/github.com/ohmyzsh/ohmyzsh/plugins/rvm/rvm.plugin.zsh", "/Users/aleksgav/.sheldon/repos/github.com/ohmyzsh/ohmyzsh/plugins/ssh-agent/ssh-agent.plugin.zsh", "/Users/aleksgav/.sheldon/repos/github.com/ohmyzsh/ohmyzsh/plugins/tmux/tmux.plugin.zsh", "/Users/aleksgav/.sheldon/repos/github.com/ohmyzsh/ohmyzsh/plugins/vagrant/vagrant.plugin.zsh", "/Users/aleksgav/.sheldon/repos/github.com/ohmyzsh/ohmyzsh/plugins/vi-mode/vi-mode.plugin.zsh", "/Users/aleksgav/.sheldon/repos/github.com/ohmyzsh/ohmyzsh/plugins/yarn/yarn.plugin.zsh"]
apply = ["defer"]

[[plugins]]
name = "fzf"
source_dir = "/Users/aleksgav/.sheldon/repos/github.com/junegunn/fzf"
files = ["/Users/aleksgav/.sheldon/repos/github.com/junegunn/fzf/shell/completion.zsh", "/Users/aleksgav/.sheldon/repos/github.com/junegunn/fzf/shell/key-bindings.zsh"]
apply = ["source"]

[[plugins]]
name = "compinit"
raw = "autoload -Uz compinit && compinit"
[templates.PATH]
value = "export PATH=\"{{ dir }}:$PATH\""
each = false

[templates.path]
value = "path=( \"{{ dir }}\" $path )"
each = false

[templates.fpath]
value = "fpath=( \"{{ dir }}\" $fpath )"
each = false

[templates.source]
value = "source \"{{ file }}\""
each = true

[templates.defer]
value = "zsh-defer source \"{{ file }}\""
each = true
